
Microsoft Visual Studio Solution File, Format Version 11.00
# Visual Studio 2010
Project("{FAE04EC0-301F-11D3-BF4B-00C04F79EFBC}") = "Prototyp", "Prototyp\Prototyp\Prototyp.csproj", "{736B12D5-1075-44A0-AC99-90B68D5109C3}"
EndProject
Project("{96E2B04D-8817-42C6-938A-82C39BA4D311}") = "PrototypContent", "Prototyp\PrototypContent\PrototypContent.contentproj", "{20EB22AF-B30A-445C-9FB9-9346454E5938}"
EndProject
Global
	GlobalSection(SolutionConfigurationPlatforms) = preSolution
		Debug|x86 = Debug|x86
		Release|x86 = Release|x86
	EndGlobalSection
	GlobalSection(ProjectConfigurationPlatforms) = postSolution
		{736B12D5-1075-44A0-AC99-90B68D5109C3}.Debug|x86.ActiveCfg = Debug|x86
		{736B12D5-1075-44A0-AC99-90B68D5109C3}.Debug|x86.Build.0 = Debug|x86
		{736B12D5-1075-44A0-AC99-90B68D5109C3}.Release|x86.ActiveCfg = Release|x86
		{736B12D5-1075-44A0-AC99-90B68D5109C3}.Release|x86.Build.0 = Release|x86
		{20EB22AF-B30A-445C-9FB9-9346454E5938}.Debug|x86.ActiveCfg = Debug|x86
		{20EB22AF-B30A-445C-9FB9-9346454E5938}.Release|x86.ActiveCfg = Release|x86
	EndGlobalSection
	GlobalSection(SolutionProperties) = preSolution
		HideSolutionNode = FALSE
	EndGlobalSection
EndGlobal
